// !$*UTF8*$!
{ "archiveVersion" = "1"; "classes" = {  }; "objectVersion" = "56"; "objects" = { "5E442AF8586335C4DC93A23F" = { "isa" = "PBXFileReference"; "explicitFileType" = "wrapper.application"; "path" = "Workout Zones Watch.app"; "sourceTree" = "BUILT_PRODUCTS_DIR"; }; "0A2163710BCFEA75C41C983D" = { "isa" = "PBXFileReference"; "lastKnownFileType" = "sourcecode.swift"; "path" = "Sources/Core/ZoneSummary.swift"; "sourceTree" = "<group>"; }; "E25851744715D4315F6EA9CB" = { "isa" = "PBXBuildFile"; "fileRef" = "0A2163710BCFEA75C41C983D"; }; "9C9DE3D8C8A913A1182B05C6" = { "isa" = "PBXFileReference"; "lastKnownFileType" = "sourcecode.swift"; "path" = "Sources/Shared/HealthZones.swift"; "sourceTree" = "<group>"; }; "44DBE721E46F4C81378F452E" = { "isa" = "PBXBuildFile"; "fileRef" = "9C9DE3D8C8A913A1182B05C6"; }; "22AE1082DB9D5BD4470B32AC" = { "isa" = "PBXFileReference"; "lastKnownFileType" = "sourcecode.swift"; "path" = "Sources/Watch/WatchApp.swift"; "sourceTree" = "<group>"; }; "24C7F4F5EEF4A51D4660ED39" = { "isa" = "PBXBuildFile"; "fileRef" = "22AE1082DB9D5BD4470B32AC"; }; "FF5AC4CF4BCE2C99F3A66E2A" = { "isa" = "PBXFileReference"; "lastKnownFileType" = "sourcecode.swift"; "path" = "Sources/Watch/WorkoutRecorder.swift"; "sourceTree" = "<group>"; }; "9A6D831AD9E2B7EEE1AA2836" = { "isa" = "PBXBuildFile"; "fileRef" = "FF5AC4CF4BCE2C99F3A66E2A"; }; "18AC9EE56B0417F6D5D0B9F2" = { "isa" = "PBXSourcesBuildPhase"; "buildActionMask" = "2147483647"; "files" = ("E25851744715D4315F6EA9CB", "44DBE721E46F4C81378F452E", "24C7F4F5EEF4A51D4660ED39", "9A6D831AD9E2B7EEE1AA2836"); "runOnlyForDeploymentPostprocessing" = "0"; }; "92E2D382C371DF44B61EFDB6" = { "isa" = "PBXFileReference"; "lastKnownFileType" = "folder.assetcatalog"; "path" = "Resources/Watch.xcassets"; "sourceTree" = "<group>"; }; "5A884A45184DE0AAF1CD8CF0" = { "isa" = "PBXBuildFile"; "fileRef" = "92E2D382C371DF44B61EFDB6"; }; "181C36CA8CABCB105849D7D4" = { "isa" = "PBXFileReference"; "lastKnownFileType" = "text.xml"; "path" = "Resources/PrivacyInfo.xcprivacy"; "sourceTree" = "<group>"; }; "487178EF32FBF294DA043215" = { "isa" = "PBXBuildFile"; "fileRef" = "181C36CA8CABCB105849D7D4"; }; "B7CB856CBBD3C7D29604C5EA" = { "isa" = "PBXResourcesBuildPhase"; "buildActionMask" = "2147483647"; "files" = ("5A884A45184DE0AAF1CD8CF0", "487178EF32FBF294DA043215"); "runOnlyForDeploymentPostprocessing" = "0"; }; "A6343D4A9CA98D50667F065E" = { "isa" = "PBXFrameworksBuildPhase"; "buildActionMask" = "2147483647"; "files" = (); "runOnlyForDeploymentPostprocessing" = "0"; }; "F28482CBFF69847AB6DF796F" = { "isa" = "XCBuildConfiguration"; "buildSettings" = { "PRODUCT_NAME" = "Workout Zones Watch"; "PRODUCT_BUNDLE_IDENTIFIER" = "com.dd.workoutzones.watchkitapp"; "CURRENT_PROJECT_VERSION" = "1"; "MARKETING_VERSION" = "1.0"; "GENERATE_INFOPLIST_FILE" = "YES"; "INFOPLIST_KEY_CFBundleDisplayName" = "Workout Zones"; "SDKROOT" = "watchos"; "SUPPORTED_PLATFORMS" = "watchos watchsimulator"; "TARGETED_DEVICE_FAMILY" = "4"; "CODE_SIGN_STYLE" = "Automatic"; "CODE_SIGN_ENTITLEMENTS" = "Resources/App.entitlements"; "ASSETCATALOG_COMPILER_APPICON_NAME" = "AppIcon"; "LD_RUNPATH_SEARCH_PATHS" = "$(inherited) @executable_path/Frameworks"; "INFOPLIST_KEY_NSHealthShareUsageDescription" = "Review the heart-rate zones of your Workout Zones runs."; "INFOPLIST_KEY_NSHealthUpdateUsageDescription" = "Save the workouts you explicitly record on Apple Watch to Health."; "WATCHOS_DEPLOYMENT_TARGET" = "27.0"; "SKIP_INSTALL" = "YES"; "INFOPLIST_KEY_WKApplication" = "YES"; "INFOPLIST_KEY_WKCompanionAppBundleIdentifier" = "com.dd.workoutzones"; "INFOPLIST_KEY_WKRunsIndependentlyOfCompanionApp" = "YES"; "INFOPLIST_KEY_WKBackgroundModes" = ("workout-processing"); }; "name" = "Debug"; }; "05A528F4479DE4B61507A94C" = { "isa" = "XCBuildConfiguration"; "buildSettings" = { "PRODUCT_NAME" = "Workout Zones Watch"; "PRODUCT_BUNDLE_IDENTIFIER" = "com.dd.workoutzones.watchkitapp"; "CURRENT_PROJECT_VERSION" = "1"; "MARKETING_VERSION" = "1.0"; "GENERATE_INFOPLIST_FILE" = "YES"; "INFOPLIST_KEY_CFBundleDisplayName" = "Workout Zones"; "SDKROOT" = "watchos"; "SUPPORTED_PLATFORMS" = "watchos watchsimulator"; "TARGETED_DEVICE_FAMILY" = "4"; "CODE_SIGN_STYLE" = "Automatic"; "CODE_SIGN_ENTITLEMENTS" = "Resources/App.entitlements"; "ASSETCATALOG_COMPILER_APPICON_NAME" = "AppIcon"; "LD_RUNPATH_SEARCH_PATHS" = "$(inherited) @executable_path/Frameworks"; "INFOPLIST_KEY_NSHealthShareUsageDescription" = "Review the heart-rate zones of your Workout Zones runs."; "INFOPLIST_KEY_NSHealthUpdateUsageDescription" = "Save the workouts you explicitly record on Apple Watch to Health."; "WATCHOS_DEPLOYMENT_TARGET" = "27.0"; "SKIP_INSTALL" = "YES"; "INFOPLIST_KEY_WKApplication" = "YES"; "INFOPLIST_KEY_WKCompanionAppBundleIdentifier" = "com.dd.workoutzones"; "INFOPLIST_KEY_WKRunsIndependentlyOfCompanionApp" = "YES"; "INFOPLIST_KEY_WKBackgroundModes" = ("workout-processing"); }; "name" = "Release"; }; "1AF2EE433B83BEA7E8F965CE" = { "isa" = "XCConfigurationList"; "buildConfigurations" = ("F28482CBFF69847AB6DF796F", "05A528F4479DE4B61507A94C"); "defaultConfigurationIsVisible" = "0"; "defaultConfigurationName" = "Release"; }; "746DD2B71C25C33DBEC4ED97" = { "isa" = "PBXNativeTarget"; "buildConfigurationList" = "1AF2EE433B83BEA7E8F965CE"; "buildPhases" = ("18AC9EE56B0417F6D5D0B9F2", "A6343D4A9CA98D50667F065E", "B7CB856CBBD3C7D29604C5EA"); "buildRules" = (); "dependencies" = (); "name" = "Workout Zones Watch"; "productName" = "Workout Zones Watch"; "productReference" = "5E442AF8586335C4DC93A23F"; "productType" = "com.apple.product-type.application"; }; "7BC1D86FB817C54B551883FD" = { "isa" = "PBXFileReference"; "explicitFileType" = "wrapper.application"; "path" = "Workout Zones.app"; "sourceTree" = "BUILT_PRODUCTS_DIR"; }; "12DA078775EEA10B5CD82103" = { "isa" = "PBXBuildFile"; "fileRef" = "0A2163710BCFEA75C41C983D"; }; "34BD06D11BB41D96506785CF" = { "isa" = "PBXBuildFile"; "fileRef" = "9C9DE3D8C8A913A1182B05C6"; }; "DCC1714961382315577F9859" = { "isa" = "PBXFileReference"; "lastKnownFileType" = "sourcecode.swift"; "path" = "Sources/Phone/PhoneApp.swift"; "sourceTree" = "<group>"; }; "9F344C799893B5A6BFDFF39D" = { "isa" = "PBXBuildFile"; "fileRef" = "DCC1714961382315577F9859"; }; "28438B51EE75619D0B5FE152" = { "isa" = "PBXSourcesBuildPhase"; "buildActionMask" = "2147483647"; "files" = ("12DA078775EEA10B5CD82103", "34BD06D11BB41D96506785CF", "9F344C799893B5A6BFDFF39D"); "runOnlyForDeploymentPostprocessing" = "0"; }; "917E867613F6CD3944B2FB88" = { "isa" = "PBXFileReference"; "lastKnownFileType" = "folder.assetcatalog"; "path" = "Resources/Phone.xcassets"; "sourceTree" = "<group>"; }; "956D8B1E2BF708F9661852C3" = { "isa" = "PBXBuildFile"; "fileRef" = "917E867613F6CD3944B2FB88"; }; "C24F872302EB3F18912BF090" = { "isa" = "PBXBuildFile"; "fileRef" = "181C36CA8CABCB105849D7D4"; }; "B87D1EABBC592FBD90D86956" = { "isa" = "PBXResourcesBuildPhase"; "buildActionMask" = "2147483647"; "files" = ("956D8B1E2BF708F9661852C3", "C24F872302EB3F18912BF090"); "runOnlyForDeploymentPostprocessing" = "0"; }; "7E654C163A53BABF1BB25510" = { "isa" = "PBXFrameworksBuildPhase"; "buildActionMask" = "2147483647"; "files" = (); "runOnlyForDeploymentPostprocessing" = "0"; }; "670D34D486D4143501C70D55" = { "isa" = "PBXContainerItemProxy"; "containerPortal" = "98F54143AB4E86B28C3AFEE0"; "proxyType" = "1"; "remoteGlobalIDString" = "746DD2B71C25C33DBEC4ED97"; "remoteInfo" = "Workout Zones Watch"; }; "951D6738C015F691F40A72B0" = { "isa" = "PBXTargetDependency"; "target" = "746DD2B71C25C33DBEC4ED97"; "targetProxy" = "670D34D486D4143501C70D55"; }; "89D3D933EBDB483B501B84A6" = { "isa" = "PBXBuildFile"; "fileRef" = "5E442AF8586335C4DC93A23F"; "settings" = { "ATTRIBUTES" = ("RemoveHeadersOnCopy"); }; }; "1535F4FC5E77E060A33841EF" = { "isa" = "PBXCopyFilesBuildPhase"; "buildActionMask" = "2147483647"; "dstPath" = "$(CONTENTS_FOLDER_PATH)/Watch"; "dstSubfolderSpec" = "16"; "files" = ("89D3D933EBDB483B501B84A6"); "name" = "Embed Watch Content"; "runOnlyForDeploymentPostprocessing" = "0"; }; "00E747E7700A9DCB5ACD4CEE" = { "isa" = "XCBuildConfiguration"; "buildSettings" = { "PRODUCT_NAME" = "Workout Zones"; "PRODUCT_BUNDLE_IDENTIFIER" = "com.dd.workoutzones"; "CURRENT_PROJECT_VERSION" = "1"; "MARKETING_VERSION" = "1.0"; "GENERATE_INFOPLIST_FILE" = "YES"; "INFOPLIST_KEY_CFBundleDisplayName" = "Workout Zones"; "SDKROOT" = "iphoneos"; "SUPPORTED_PLATFORMS" = "iphoneos iphonesimulator"; "TARGETED_DEVICE_FAMILY" = "1"; "CODE_SIGN_STYLE" = "Automatic"; "CODE_SIGN_ENTITLEMENTS" = "Resources/App.entitlements"; "ASSETCATALOG_COMPILER_APPICON_NAME" = "AppIcon"; "LD_RUNPATH_SEARCH_PATHS" = "$(inherited) @executable_path/Frameworks"; "INFOPLIST_KEY_NSHealthShareUsageDescription" = "Review the heart-rate zones of your Workout Zones runs."; "INFOPLIST_KEY_NSHealthUpdateUsageDescription" = "Save the workouts you explicitly record on Apple Watch to Health."; "IPHONEOS_DEPLOYMENT_TARGET" = "27.0"; "INFOPLIST_KEY_UILaunchScreen_Generation" = "YES"; "INFOPLIST_KEY_UIApplicationSceneManifest_Generation" = "YES"; "INFOPLIST_KEY_UISupportedInterfaceOrientations" = "UIInterfaceOrientationPortrait UIInterfaceOrientationLandscapeLeft UIInterfaceOrientationLandscapeRight"; }; "name" = "Debug"; }; "6783AF3992AE3D3C3F53DFD1" = { "isa" = "XCBuildConfiguration"; "buildSettings" = { "PRODUCT_NAME" = "Workout Zones"; "PRODUCT_BUNDLE_IDENTIFIER" = "com.dd.workoutzones"; "CURRENT_PROJECT_VERSION" = "1"; "MARKETING_VERSION" = "1.0"; "GENERATE_INFOPLIST_FILE" = "YES"; "INFOPLIST_KEY_CFBundleDisplayName" = "Workout Zones"; "SDKROOT" = "iphoneos"; "SUPPORTED_PLATFORMS" = "iphoneos iphonesimulator"; "TARGETED_DEVICE_FAMILY" = "1"; "CODE_SIGN_STYLE" = "Automatic"; "CODE_SIGN_ENTITLEMENTS" = "Resources/App.entitlements"; "ASSETCATALOG_COMPILER_APPICON_NAME" = "AppIcon"; "LD_RUNPATH_SEARCH_PATHS" = "$(inherited) @executable_path/Frameworks"; "INFOPLIST_KEY_NSHealthShareUsageDescription" = "Review the heart-rate zones of your Workout Zones runs."; "INFOPLIST_KEY_NSHealthUpdateUsageDescription" = "Save the workouts you explicitly record on Apple Watch to Health."; "IPHONEOS_DEPLOYMENT_TARGET" = "27.0"; "INFOPLIST_KEY_UILaunchScreen_Generation" = "YES"; "INFOPLIST_KEY_UIApplicationSceneManifest_Generation" = "YES"; "INFOPLIST_KEY_UISupportedInterfaceOrientations" = "UIInterfaceOrientationPortrait UIInterfaceOrientationLandscapeLeft UIInterfaceOrientationLandscapeRight"; }; "name" = "Release"; }; "8417A63E0241DD7299CDECA1" = { "isa" = "XCConfigurationList"; "buildConfigurations" = ("00E747E7700A9DCB5ACD4CEE", "6783AF3992AE3D3C3F53DFD1"); "defaultConfigurationIsVisible" = "0"; "defaultConfigurationName" = "Release"; }; "BFF9C2132F2B78238A58ED76" = { "isa" = "PBXNativeTarget"; "buildConfigurationList" = "8417A63E0241DD7299CDECA1"; "buildPhases" = ("28438B51EE75619D0B5FE152", "7E654C163A53BABF1BB25510", "B87D1EABBC592FBD90D86956", "1535F4FC5E77E060A33841EF"); "buildRules" = (); "dependencies" = ("951D6738C015F691F40A72B0"); "name" = "Workout Zones"; "productName" = "Workout Zones"; "productReference" = "7BC1D86FB817C54B551883FD"; "productType" = "com.apple.product-type.application"; }; "FD4FBDAD238FAAF9016BBCFF" = { "isa" = "PBXFileReference"; "lastKnownFileType" = "sourcecode.swift"; "path" = "Tests/UI/WorkflowTests.swift"; "sourceTree" = "<group>"; }; "C6F1E143F57B67CBEE0D277B" = { "isa" = "PBXBuildFile"; "fileRef" = "FD4FBDAD238FAAF9016BBCFF"; }; "B87FA754A6931A4250E46F74" = { "isa" = "PBXSourcesBuildPhase"; "buildActionMask" = "2147483647"; "files" = ("C6F1E143F57B67CBEE0D277B"); "runOnlyForDeploymentPostprocessing" = "0"; }; "DD7334A32FE2DC3494C18FEF" = { "isa" = "PBXFrameworksBuildPhase"; "buildActionMask" = "2147483647"; "files" = (); "runOnlyForDeploymentPostprocessing" = "0"; }; "4F7AD11A89718759461E3024" = { "isa" = "PBXFileReference"; "explicitFileType" = "wrapper.cfbundle"; "path" = "PhoneWorkflowTests.xctest"; "sourceTree" = "BUILT_PRODUCTS_DIR"; }; "6AEE77D6A6834524892E8EAE" = { "isa" = "PBXContainerItemProxy"; "containerPortal" = "98F54143AB4E86B28C3AFEE0"; "proxyType" = "1"; "remoteGlobalIDString" = "BFF9C2132F2B78238A58ED76"; "remoteInfo" = "Workout Zones"; }; "74B63CAC0D05028B9CD72892" = { "isa" = "PBXTargetDependency"; "target" = "BFF9C2132F2B78238A58ED76"; "targetProxy" = "6AEE77D6A6834524892E8EAE"; }; "38D3602B23E5C9EBC48C500E" = { "isa" = "XCBuildConfiguration"; "buildSettings" = { "PRODUCT_NAME" = "PhoneWorkflowTests"; "PRODUCT_BUNDLE_IDENTIFIER" = "com.dd.workoutzones.phoneworkflowtests"; "GENERATE_INFOPLIST_FILE" = "YES"; "SDKROOT" = "iphoneos"; "SUPPORTED_PLATFORMS" = "iphoneos iphonesimulator"; "TARGETED_DEVICE_FAMILY" = "1"; "TEST_TARGET_NAME" = "Workout Zones"; "CODE_SIGN_STYLE" = "Automatic"; "IPHONEOS_DEPLOYMENT_TARGET" = "27.0"; }; "name" = "Debug"; }; "10097A7AEE4FFDCCE0B8C284" = { "isa" = "XCBuildConfiguration"; "buildSettings" = { "PRODUCT_NAME" = "PhoneWorkflowTests"; "PRODUCT_BUNDLE_IDENTIFIER" = "com.dd.workoutzones.phoneworkflowtests"; "GENERATE_INFOPLIST_FILE" = "YES"; "SDKROOT" = "iphoneos"; "SUPPORTED_PLATFORMS" = "iphoneos iphonesimulator"; "TARGETED_DEVICE_FAMILY" = "1"; "TEST_TARGET_NAME" = "Workout Zones"; "CODE_SIGN_STYLE" = "Automatic"; "IPHONEOS_DEPLOYMENT_TARGET" = "27.0"; }; "name" = "Release"; }; "F172A1FA0D7CCDB0FFE44D8E" = { "isa" = "XCConfigurationList"; "buildConfigurations" = ("38D3602B23E5C9EBC48C500E", "10097A7AEE4FFDCCE0B8C284"); "defaultConfigurationIsVisible" = "0"; "defaultConfigurationName" = "Release"; }; "5AB86F42D5E1D299375D6952" = { "isa" = "PBXNativeTarget"; "buildConfigurationList" = "F172A1FA0D7CCDB0FFE44D8E"; "buildPhases" = ("B87FA754A6931A4250E46F74", "DD7334A32FE2DC3494C18FEF"); "buildRules" = (); "dependencies" = ("74B63CAC0D05028B9CD72892"); "name" = "PhoneWorkflowTests"; "productName" = "PhoneWorkflowTests"; "productReference" = "4F7AD11A89718759461E3024"; "productType" = "com.apple.product-type.bundle.ui-testing"; }; "B9352E480B25D44B79454D8A" = { "isa" = "PBXBuildFile"; "fileRef" = "FD4FBDAD238FAAF9016BBCFF"; }; "719B2F73AED8989AFF20B3EF" = { "isa" = "PBXSourcesBuildPhase"; "buildActionMask" = "2147483647"; "files" = ("B9352E480B25D44B79454D8A"); "runOnlyForDeploymentPostprocessing" = "0"; }; "72AE0F8CCBEF19096DF5E868" = { "isa" = "PBXFrameworksBuildPhase"; "buildActionMask" = "2147483647"; "files" = (); "runOnlyForDeploymentPostprocessing" = "0"; }; "E743B3F5538E5B2F2575F2BE" = { "isa" = "PBXFileReference"; "explicitFileType" = "wrapper.cfbundle"; "path" = "WatchWorkflowTests.xctest"; "sourceTree" = "BUILT_PRODUCTS_DIR"; }; "D0380D6B32F1AA31A29CA547" = { "isa" = "PBXContainerItemProxy"; "containerPortal" = "98F54143AB4E86B28C3AFEE0"; "proxyType" = "1"; "remoteGlobalIDString" = "746DD2B71C25C33DBEC4ED97"; "remoteInfo" = "Workout Zones Watch"; }; "97A77D445FEBA382F445527F" = { "isa" = "PBXTargetDependency"; "target" = "746DD2B71C25C33DBEC4ED97"; "targetProxy" = "D0380D6B32F1AA31A29CA547"; }; "DA8F993EBC64E4A441452697" = { "isa" = "XCBuildConfiguration"; "buildSettings" = { "PRODUCT_NAME" = "WatchWorkflowTests"; "PRODUCT_BUNDLE_IDENTIFIER" = "com.dd.workoutzones.watchworkflowtests"; "GENERATE_INFOPLIST_FILE" = "YES"; "SDKROOT" = "watchos"; "SUPPORTED_PLATFORMS" = "watchos watchsimulator"; "TARGETED_DEVICE_FAMILY" = "4"; "TEST_TARGET_NAME" = "Workout Zones Watch"; "CODE_SIGN_STYLE" = "Automatic"; "WATCHOS_DEPLOYMENT_TARGET" = "27.0"; }; "name" = "Debug"; }; "25F20B887ABAE4E65B6DDAF1" = { "isa" = "XCBuildConfiguration"; "buildSettings" = { "PRODUCT_NAME" = "WatchWorkflowTests"; "PRODUCT_BUNDLE_IDENTIFIER" = "com.dd.workoutzones.watchworkflowtests"; "GENERATE_INFOPLIST_FILE" = "YES"; "SDKROOT" = "watchos"; "SUPPORTED_PLATFORMS" = "watchos watchsimulator"; "TARGETED_DEVICE_FAMILY" = "4"; "TEST_TARGET_NAME" = "Workout Zones Watch"; "CODE_SIGN_STYLE" = "Automatic"; "WATCHOS_DEPLOYMENT_TARGET" = "27.0"; }; "name" = "Release"; }; "66716A4950E8812ADA936CFA" = { "isa" = "XCConfigurationList"; "buildConfigurations" = ("DA8F993EBC64E4A441452697", "25F20B887ABAE4E65B6DDAF1"); "defaultConfigurationIsVisible" = "0"; "defaultConfigurationName" = "Release"; }; "E695C858E5489A1A44ABADD8" = { "isa" = "PBXNativeTarget"; "buildConfigurationList" = "66716A4950E8812ADA936CFA"; "buildPhases" = ("719B2F73AED8989AFF20B3EF", "72AE0F8CCBEF19096DF5E868"); "buildRules" = (); "dependencies" = ("97A77D445FEBA382F445527F"); "name" = "WatchWorkflowTests"; "productName" = "WatchWorkflowTests"; "productReference" = "E743B3F5538E5B2F2575F2BE"; "productType" = "com.apple.product-type.bundle.ui-testing"; }; "FBDC4F23F93125BBEEAE800C" = { "isa" = "PBXGroup"; "children" = ("5E442AF8586335C4DC93A23F", "7BC1D86FB817C54B551883FD", "4F7AD11A89718759461E3024", "E743B3F5538E5B2F2575F2BE"); "name" = "Products"; "sourceTree" = "<group>"; }; "DC76E9F0C0006E8F919E0C51" = { "isa" = "PBXGroup"; "children" = ("0A2163710BCFEA75C41C983D", "9C9DE3D8C8A913A1182B05C6", "22AE1082DB9D5BD4470B32AC", "FF5AC4CF4BCE2C99F3A66E2A", "92E2D382C371DF44B61EFDB6", "181C36CA8CABCB105849D7D4", "DCC1714961382315577F9859", "917E867613F6CD3944B2FB88", "FD4FBDAD238FAAF9016BBCFF", "FBDC4F23F93125BBEEAE800C"); "sourceTree" = "<group>"; }; "89E1FD6268CC0F221A2BE178" = { "isa" = "XCBuildConfiguration"; "buildSettings" = { "SWIFT_VERSION" = "6.0"; "SWIFT_STRICT_CONCURRENCY" = "complete"; "CLANG_ENABLE_MODULES" = "YES"; "CLANG_ENABLE_OBJC_ARC" = "YES"; "SWIFT_OPTIMIZATION_LEVEL" = "-Onone"; "SWIFT_ACTIVE_COMPILATION_CONDITIONS" = "DEBUG"; "ENABLE_TESTABILITY" = "YES"; "DEBUG_INFORMATION_FORMAT" = "dwarf"; }; "name" = "Debug"; }; "E6DE6C99132752C914FEF632" = { "isa" = "XCBuildConfiguration"; "buildSettings" = { "SWIFT_VERSION" = "6.0"; "SWIFT_STRICT_CONCURRENCY" = "complete"; "CLANG_ENABLE_MODULES" = "YES"; "CLANG_ENABLE_OBJC_ARC" = "YES"; "SWIFT_OPTIMIZATION_LEVEL" = "-O"; "SWIFT_ACTIVE_COMPILATION_CONDITIONS" = ""; "ENABLE_TESTABILITY" = "NO"; "DEBUG_INFORMATION_FORMAT" = "dwarf-with-dsym"; }; "name" = "Release"; }; "862894B703A6DEDF96A9DD6C" = { "isa" = "XCConfigurationList"; "buildConfigurations" = ("89E1FD6268CC0F221A2BE178", "E6DE6C99132752C914FEF632"); "defaultConfigurationIsVisible" = "0"; "defaultConfigurationName" = "Release"; }; "98F54143AB4E86B28C3AFEE0" = { "isa" = "PBXProject"; "attributes" = { "LastUpgradeCheck" = "2700"; }; "buildConfigurationList" = "862894B703A6DEDF96A9DD6C"; "compatibilityVersion" = "Xcode 14.0"; "developmentRegion" = "en"; "knownRegions" = ("en", "Base"); "mainGroup" = "DC76E9F0C0006E8F919E0C51"; "productRefGroup" = "FBDC4F23F93125BBEEAE800C"; "projectDirPath" = ""; "projectRoot" = ""; "targets" = ("746DD2B71C25C33DBEC4ED97", "BFF9C2132F2B78238A58ED76", "5AB86F42D5E1D299375D6952", "E695C858E5489A1A44ABADD8"); }; }; "rootObject" = "98F54143AB4E86B28C3AFEE0"; }